
Microsoft Visual Studio Solution File, Format Version 12.00
# Visual Studio 15
VisualStudioVersion = 15.0.28307.329
MinimumVisualStudioVersion = 10.0.40219.1
Project("{FAE04EC0-301F-11D3-BF4B-00C04F79EFBC}") = "StampingUp", "StampingUp\StampingUp.csproj", "{EBC5AC3D-1C14-481C-B778-C90FCBC01449}"
EndProject
Global
	GlobalSection(SolutionConfigurationPlatforms) = preSolution
		Debug|Any CPU = Debug|Any CPU
		Release|Any CPU = Release|Any CPU
	EndGlobalSection
	GlobalSection(ProjectConfigurationPlatforms) = postSolution
		{EBC5AC3D-1C14-481C-B778-C90FCBC01449}.Debug|Any CPU.ActiveCfg = Debug|Any CPU
		{EBC5AC3D-1C14-481C-B778-C90FCBC01449}.Debug|Any CPU.Build.0 = Debug|Any CPU
		{EBC5AC3D-1C14-481C-B778-C90FCBC01449}.Release|Any CPU.ActiveCfg = Release|Any CPU
		{EBC5AC3D-1C14-481C-B778-C90FCBC01449}.Release|Any CPU.Build.0 = Release|Any CPU
	EndGlobalSection
	GlobalSection(SolutionProperties) = preSolution
		HideSolutionNode = FALSE
	EndGlobalSection
	GlobalSection(ExtensibilityGlobals) = postSolution
		SolutionGuid = {817C8A35-6046-4167-BFD3-3DA7816B18B3}
	EndGlobalSection
EndGlobal
