
Microsoft Visual Studio Solution File, Format Version 12.00
# Visual Studio 15
VisualStudioVersion = 15.0.28307.329
MinimumVisualStudioVersion = 10.0.40219.1
Project("{54435603-DBB4-11D2-8724-00A0C9A8B90C}") = "StampingUpSetup", "StampingUpSetup\StampingUpSetup.vdproj", "{FAB080F1-3677-4E69-A765-59CD7EFE8233}"
EndProject
Project("{FAE04EC0-301F-11D3-BF4B-00C04F79EFBC}") = "StampingUp", "..\StampingUp\StampingUp\StampingUp.csproj", "{EBC5AC3D-1C14-481C-B778-C90FCBC01449}"
EndProject
Global
	GlobalSection(SolutionConfigurationPlatforms) = preSolution
		Debug|Any CPU = Debug|Any CPU
		Release|Any CPU = Release|Any CPU
	EndGlobalSection
	GlobalSection(ProjectConfigurationPlatforms) = postSolution
		{FAB080F1-3677-4E69-A765-59CD7EFE8233}.Debug|Any CPU.ActiveCfg = Debug
		{FAB080F1-3677-4E69-A765-59CD7EFE8233}.Debug|Any CPU.Build.0 = Debug
		{FAB080F1-3677-4E69-A765-59CD7EFE8233}.Release|Any CPU.ActiveCfg = Release
		{FAB080F1-3677-4E69-A765-59CD7EFE8233}.Release|Any CPU.Build.0 = Release
		{EBC5AC3D-1C14-481C-B778-C90FCBC01449}.Debug|Any CPU.ActiveCfg = Debug|Any CPU
		{EBC5AC3D-1C14-481C-B778-C90FCBC01449}.Debug|Any CPU.Build.0 = Debug|Any CPU
		{EBC5AC3D-1C14-481C-B778-C90FCBC01449}.Release|Any CPU.ActiveCfg = Release|Any CPU
		{EBC5AC3D-1C14-481C-B778-C90FCBC01449}.Release|Any CPU.Build.0 = Release|Any CPU
	EndGlobalSection
	GlobalSection(SolutionProperties) = preSolution
		HideSolutionNode = FALSE
	EndGlobalSection
	GlobalSection(ExtensibilityGlobals) = postSolution
		SolutionGuid = {0266F8C8-3952-4E90-8DE9-E0A345AE5437}
	EndGlobalSection
EndGlobal
